Microsoft Visual Studio Solution File, Format Version 12.00
# Visual Studio Version 17
VisualStudioVersion = 17.5.33530.505
MinimumVisualStudioVersion = 10.0.40219.1
Project("{FAE04EC0-301F-11D3-BF4B-00C04F79EFBC}") = "simple-debugger", "simple-debugger.csproj", "{E6B133F7-82EA-4E02-8E14-F19F89E1130F}"
EndProject
Global
	GlobalSection(SolutionConfigurationPlatforms) = preSolution
		Debug|x64 = Debug|x64
		Release|x64 = Release|x64
	EndGlobalSection
	GlobalSection(ProjectConfigurationPlatforms) = postSolution
		{E6B133F7-82EA-4E02-8E14-F19F89E1130F}.Debug|x64.ActiveCfg = Debug|x64
		{E6B133F7-82EA-4E02-8E14-F19F89E1130F}.Debug|x64.Build.0 = Debug|x64
		{E6B133F7-82EA-4E02-8E14-F19F89E1130F}.Release|x64.ActiveCfg = Release|x64
		{E6B133F7-82EA-4E02-8E14-F19F89E1130F}.Release|x64.Build.0 = Release|x64
	EndGlobalSection
	GlobalSection(SolutionProperties) = preSolution
		HideSolutionNode = FALSE
	EndGlobalSection
EndGlobal
